// !$*UTF8*$!
{
	archiveVersion = 1;
	classes = {
	};
	objectVersion = 56;
	objects = {

/* Begin PBXBuildFile section */
		144D70C92A98A558003EECD1 /* BattleshipApp.swift in Sources */ = {isa = PBXBuildFile; fileRef = 144D70C82A98A558003EECD1 /* BattleshipApp.swift */; };
		144D70CB2A98A558003EECD1 /* MainView.swift in Sources */ = {isa = PBXBuildFile; fileRef = 144D70CA2A98A558003EECD1 /* MainView.swift */; };
		144D70CD2A98A559003EECD1 /* Assets.xcassets in Resources */ = {isa = PBXBuildFile; fileRef = 144D70CC2A98A559003EECD1 /* Assets.xcassets */; };
		144D70D02A98A559003EECD1 /* Preview Assets.xcassets in Resources */ = {isa = PBXBuildFile; fileRef = 144D70CF2A98A559003EECD1 /* Preview Assets.xcassets */; };
		14B19B732A98B71500E6F96A /* LeaderboardView.swift in Sources */ = {isa = PBXBuildFile; fileRef = 14B19B722A98B71500E6F96A /* LeaderboardView.swift */; };
		14B19B802A98D73500E6F96A /* easy.json in Resources */ = {isa = PBXBuildFile; fileRef = 14B19B7F2A98D73500E6F96A /* easy.json */; };
		14B19B822A98D7B800E6F96A /* medium.json in Resources */ = {isa = PBXBuildFile; fileRef = 14B19B812A98D7B800E6F96A /* medium.json */; };
		14B19B842A98D7D300E6F96A /* hard.json in Resources */ = {isa = PBXBuildFile; fileRef = 14B19B832A98D7D300E6F96A /* hard.json */; };
		14B19B882A98DBBF00E6F96A /* HighScoreData.swift in Sources */ = {isa = PBXBuildFile; fileRef = 14B19B872A98DBBF00E6F96A /* HighScoreData.swift */; };
		14B19B8A2A98EBD800E6F96A /* stats.json in Resources */ = {isa = PBXBuildFile; fileRef = 14B19B892A98EBD800E6F96A /* stats.json */; };
		14B19B8C2A98EC4600E6F96A /* StatisticsData.swift in Sources */ = {isa = PBXBuildFile; fileRef = 14B19B8B2A98EC4600E6F96A /* StatisticsData.swift */; };
/* End PBXBuildFile section */

/* Begin PBXFileReference section */
		144D70C52A98A558003EECD1 /* Battleship.app */ = {isa = PBXFileReference; explicitFileType = wrapper.application; includeInIndex = 0; path = Battleship.app; sourceTree = BUILT_PRODUCTS_DIR; };
		144D70C82A98A558003EECD1 /* BattleshipApp.swift */ = {isa = PBXFileReference; lastKnownFileType = sourcecode.swift; path = BattleshipApp.swift; sourceTree = "<group>"; };
		144D70CA2A98A558003EECD1 /* MainView.swift */ = {isa = PBXFileReference; lastKnownFileType = sourcecode.swift; path = MainView.swift; sourceTree = "<group>"; };
		144D70CC2A98A559003EECD1 /* Assets.xcassets */ = {isa = PBXFileReference; lastKnownFileType = folder.assetcatalog; path = Assets.xcassets; sourceTree = "<group>"; };
		144D70CF2A98A559003EECD1 /* Preview Assets.xcassets */ = {isa = PBXFileReference; lastKnownFileType = folder.assetcatalog; path = "Preview Assets.xcassets"; sourceTree = "<group>"; };
		14B19B722A98B71500E6F96A /* LeaderboardView.swift */ = {isa = PBXFileReference; lastKnownFileType = sourcecode.swift; path = LeaderboardView.swift; sourceTree = "<group>"; };
		14B19B7F2A98D73500E6F96A /* easy.json */ = {isa = PBXFileReference; lastKnownFileType = text.json; path = easy.json; sourceTree = "<group>"; };
		14B19B812A98D7B800E6F96A /* medium.json */ = {isa = PBXFileReference; lastKnownFileType = text.json; path = medium.json; sourceTree = "<group>"; };
		14B19B832A98D7D300E6F96A /* hard.json */ = {isa = PBXFileReference; lastKnownFileType = text.json; path = hard.json; sourceTree = "<group>"; };
		14B19B872A98DBBF00E6F96A /* HighScoreData.swift */ = {isa = PBXFileReference; lastKnownFileType = sourcecode.swift; path = HighScoreData.swift; sourceTree = "<group>"; };
		14B19B892A98EBD800E6F96A /* stats.json */ = {isa = PBXFileReference; lastKnownFileType = text.json; path = stats.json; sourceTree = "<group>"; };
		14B19B8B2A98EC4600E6F96A /* StatisticsData.swift */ = {isa = PBXFileReference; lastKnownFileType = sourcecode.swift; path = StatisticsData.swift; sourceTree = "<group>"; };
/* End PBXFileReference section */

/* Begin PBXFrameworksBuildPhase section */
		144D70C22A98A558003EECD1 /* Frameworks */ = {
			isa = PBXFrameworksBuildPhase;
			buildActionMask = 2147483647;
			files = (
			);
			runOnlyForDeploymentPostprocessing = 0;
		};
/* End PBXFrameworksBuildPhase section */

/* Begin PBXGroup section */
		144D70BC2A98A558003EECD1 = {
			isa = PBXGroup;
			children = (
				144D70C72A98A558003EECD1 /* Battleship */,
				144D70C62A98A558003EECD1 /* Products */,
			);
			sourceTree = "<group>";
		};
		144D70C62A98A558003EECD1 /* Products */ = {
			isa = PBXGroup;
			children = (
				144D70C52A98A558003EECD1 /* Battleship.app */,
			);
			name = Products;
			sourceTree = "<group>";
		};
		144D70C72A98A558003EECD1 /* Battleship */ = {
			isa = PBXGroup;
			children = (
				14B19B7A2A98D6AA00E6F96A /* Models */,
				14B19B742A98B71A00E6F96A /* Views */,
				144D70C82A98A558003EECD1 /* BattleshipApp.swift */,
				144D70CC2A98A559003EECD1 /* Assets.xcassets */,
				144D70CE2A98A559003EECD1 /* Preview Content */,
			);
			path = Battleship;
			sourceTree = "<group>";
		};
		144D70CE2A98A559003EECD1 /* Preview Content */ = {
			isa = PBXGroup;
			children = (
				144D70CF2A98A559003EECD1 /* Preview Assets.xcassets */,
			);
			path = "Preview Content";
			sourceTree = "<group>";
		};
		14B19B742A98B71A00E6F96A /* Views */ = {
			isa = PBXGroup;
			children = (
				144D70CA2A98A558003EECD1 /* MainView.swift */,
				14B19B722A98B71500E6F96A /* LeaderboardView.swift */,
			);
			path = Views;
			sourceTree = "<group>";
		};
		14B19B7A2A98D6AA00E6F96A /* Models */ = {
			isa = PBXGroup;
			children = (
				14B19B7F2A98D73500E6F96A /* easy.json */,
				14B19B812A98D7B800E6F96A /* medium.json */,
				14B19B832A98D7D300E6F96A /* hard.json */,
				14B19B872A98DBBF00E6F96A /* HighScoreData.swift */,
				14B19B892A98EBD800E6F96A /* stats.json */,
				14B19B8B2A98EC4600E6F96A /* StatisticsData.swift */,
			);
			path = Models;
			sourceTree = "<group>";
		};
/* End PBXGroup section */

/* Begin PBXNativeTarget section */
		144D70C42A98A558003EECD1 /* Battleship */ = {
			isa = PBXNativeTarget;
			buildConfigurationList = 144D70D32A98A559003EECD1 /* Build configuration list for PBXNativeTarget "Battleship" */;
			buildPhases = (
				144D70C12A98A558003EECD1 /* Sources */,
				144D70C22A98A558003EECD1 /* Frameworks */,
				144D70C32A98A558003EECD1 /* Resources */,
			);
			buildRules = (
			);
			dependencies = (
			);
			name = Battleship;
			productName = Battleship;
			productReference = 144D70C52A98A558003EECD1 /* Battleship.app */;
			productType = "com.apple.product-type.application";
		};
/* End PBXNativeTarget section */

/* Begin PBXProject section */
		144D70BD2A98A558003EECD1 /* Project object */ = {
			isa = PBXProject;
			attributes = {
				BuildIndependentTargetsInParallel = 1;
				LastSwiftUpdateCheck = 1430;
				LastUpgradeCheck = 1430;
				TargetAttributes = {
					144D70C42A98A558003EECD1 = {
						CreatedOnToolsVersion = 14.3.1;
					};
				};
			};
			buildConfigurationList = 144D70C02A98A558003EECD1 /* Build configuration list for PBXProject "Battleship" */;
			compatibilityVersion = "Xcode 14.0";
			developmentRegion = en;
			hasScannedForEncodings = 0;
			knownRegions = (
				en,
				Base,
			);
			mainGroup = 144D70BC2A98A558003EECD1;
			productRefGroup = 144D70C62A98A558003EECD1 /* Products */;
			projectDirPath = "";
			projectRoot = "";
			targets = (
				144D70C42A98A558003EECD1 /* Battleship */,
			);
		};
/* End PBXProject section */

/* Begin PBXResourcesBuildPhase section */
		144D70C32A98A558003EECD1 /* Resources */ = {
			isa = PBXResourcesBuildPhase;
			buildActionMask = 2147483647;
			files = (
				14B19B8A2A98EBD800E6F96A /* stats.json in Resources */,
				14B19B822A98D7B800E6F96A /* medium.json in Resources */,
				14B19B842A98D7D300E6F96A /* hard.json in Resources */,
				144D70D02A98A559003EECD1 /* Preview Assets.xcassets in Resources */,
				144D70CD2A98A559003EECD1 /* Assets.xcassets in Resources */,
				14B19B802A98D73500E6F96A /* easy.json in Resources */,
			);
			runOnlyForDeploymentPostprocessing = 0;
		};
/* End PBXResourcesBuildPhase section */

/* Begin PBXSourcesBuildPhase section */
		144D70C12A98A558003EECD1 /* Sources */ = {
			isa = PBXSourcesBuildPhase;
			buildActionMask = 2147483647;
			files = (
				144D70CB2A98A558003EECD1 /* MainView.swift in Sources */,
				144D70C92A98A558003EECD1 /* BattleshipApp.swift in Sources */,
				14B19B882A98DBBF00E6F96A /* HighScoreData.swift in Sources */,
				14B19B8C2A98EC4600E6F96A /* StatisticsData.swift in Sources */,
				14B19B732A98B71500E6F96A /* LeaderboardView.swift in Sources */,
			);
			runOnlyForDeploymentPostprocessing = 0;
		};
/* End PBXSourcesBuildPhase section */

/* Begin XCBuildConfiguration section */
		144D70D12A98A559003EECD1 /* Debug */ = {
			isa = XCBuildConfiguration;
			buildSettings = {
				ALWAYS_SEARCH_USER_PATHS = NO;
				CLANG_ANALYZER_NONNULL = YES;
				CLANG_ANALYZER_NUMBER_OBJECT_CONVERSION = YES_AGGRESSIVE;
				CLANG_CXX_LANGUAGE_STANDARD = "gnu++20";
				CLANG_ENABLE_MODULES = YES;
				CLANG_ENABLE_OBJC_ARC = YES;
				CLANG_ENABLE_OBJC_WEAK = YES;
				CLANG_WARN_BLOCK_CAPTURE_AUTORELEASING = YES;
				CLANG_WARN_BOOL_CONVERSION = YES;
				CLANG_WARN_COMMA = YES;
				CLANG_WARN_CONSTANT_CONVERSION = YES;
				CLANG_WARN_DEPRECATED_OBJC_IMPLEMENTATIONS = YES;
				CLANG_WARN_DIRECT_OBJC_ISA_USAGE = YES_ERROR;
				CLANG_WARN_DOCUMENTATION_COMMENTS = YES;
				CLANG_WARN_EMPTY_BODY = YES;
				CLANG_WARN_ENUM_CONVERSION = YES;
				CLANG_WARN_INFINITE_RECURSION = YES;
				CLANG_WARN_INT_CONVERSION = YES;
				CLANG_WARN_NON_LITERAL_NULL_CONVERSION = YES;
				CLANG_WARN_OBJC_IMPLICIT_RETAIN_SELF = YES;
				CLANG_WARN_OBJC_LITERAL_CONVERSION = YES;
				CLANG_WARN_OBJC_ROOT_CLASS = YES_ERROR;
				CLANG_WARN_QUOTED_INCLUDE_IN_FRAMEWORK_HEADER = YES;
				CLANG_WARN_RANGE_LOOP_ANALYSIS = YES;
				CLANG_WARN_STRICT_PROTOTYPES = YES;
				CLANG_WARN_SUSPICIOUS_MOVE = YES;
				CLANG_WARN_UNGUARDED_AVAILABILITY = YES_AGGRESSIVE;
				CLANG_WARN_UNREACHABLE_CODE = YES;
				CLANG_WARN__DUPLICATE_METHOD_MATCH = YES;
				COPY_PHASE_STRIP = NO;
				DEBUG_INFORMATION_FORMAT = dwarf;
				ENABLE_STRICT_OBJC_MSGSEND = YES;
				ENABLE_TESTABILITY = YES;
				GCC_C_LANGUAGE_STANDARD = gnu11;
				GCC_DYNAMIC_NO_PIC = NO;
				GCC_NO_COMMON_BLOCKS = YES;
				GCC_OPTIMIZATION_LEVEL = 0;
				GCC_PREPROCESSOR_DEFINITIONS = (
					"DEBUG=1",
					"$(inherited)",
				);
				GCC_WARN_64_TO_32_BIT_CONVERSION = YES;
				GCC_WARN_ABOUT_RETURN_TYPE = YES_ERROR;
				GCC_WARN_UNDECLARED_SELECTOR = YES;
				GCC_WARN_UNINITIALIZED_AUTOS = YES_AGGRESSIVE;
				GCC_WARN_UNUSED_FUNCTION = YES;
				GCC_WARN_UNUSED_VARIABLE = YES;
				IPHONEOS_DEPLOYMENT_TARGET = 16.4;
				MTL_ENABLE_DEBUG_INFO = INCLUDE_SOURCE;
				MTL_FAST_MATH = YES;
				ONLY_ACTIVE_ARCH = YES;
				SDKROOT = iphoneos;
				SWIFT_ACTIVE_COMPILATION_CONDITIONS = DEBUG;
				SWIFT_OPTIMIZATION_LEVEL = "-Onone";
			};
			name = Debug;
		};
		144D70D22A98A559003EECD1 /* Release */ = {
			isa = XCBuildConfiguration;
			buildSettings = {
				ALWAYS_SEARCH_USER_PATHS = NO;
				CLANG_ANALYZER_NONNULL = YES;
				CLANG_ANALYZER_NUMBER_OBJECT_CONVERSION = YES_AGGRESSIVE;
				CLANG_CXX_LANGUAGE_STANDARD = "gnu++20";
				CLANG_ENABLE_MODULES = YES;
				CLANG_ENABLE_OBJC_ARC = YES;
				CLANG_ENABLE_OBJC_WEAK = YES;
				CLANG_WARN_BLOCK_CAPTURE_AUTORELEASING = YES;
				CLANG_WARN_BOOL_CONVERSION = YES;
				CLANG_WARN_COMMA = YES;
				CLANG_WARN_CONSTANT_CONVERSION = YES;
				CLANG_WARN_DEPRECATED_OBJC_IMPLEMENTATIONS = YES;
				CLANG_WARN_DIRECT_OBJC_ISA_USAGE = YES_ERROR;
				CLANG_WARN_DOCUMENTATION_COMMENTS = YES;
				CLANG_WARN_EMPTY_BODY = YES;
				CLANG_WARN_ENUM_CONVERSION = YES;
				CLANG_WARN_INFINITE_RECURSION = YES;
				CLANG_WARN_INT_CONVERSION = YES;
				CLANG_WARN_NON_LITERAL_NULL_CONVERSION = YES;
				CLANG_WARN_OBJC_IMPLICIT_RETAIN_SELF = YES;
				CLANG_WARN_OBJC_LITERAL_CONVERSION = YES;
				CLANG_WARN_OBJC_ROOT_CLASS = YES_ERROR;
				CLANG_WARN_QUOTED_INCLUDE_IN_FRAMEWORK_HEADER = YES;
				CLANG_WARN_RANGE_LOOP_ANALYSIS = YES;
				CLANG_WARN_STRICT_PROTOTYPES = YES;
				CLANG_WARN_SUSPICIOUS_MOVE = YES;
				CLANG_WARN_UNGUARDED_AVAILABILITY = YES_AGGRESSIVE;
				CLANG_WARN_UNREACHABLE_CODE = YES;
				CLANG_WARN__DUPLICATE_METHOD_MATCH = YES;
				COPY_PHASE_STRIP = NO;
				DEBUG_INFORMATION_FORMAT = "dwarf-with-dsym";
				ENABLE_NS_ASSERTIONS = NO;
				ENABLE_STRICT_OBJC_MSGSEND = YES;
				GCC_C_LANGUAGE_STANDARD = gnu11;
				GCC_NO_COMMON_BLOCKS = YES;
				GCC_WARN_64_TO_32_BIT_CONVERSION = YES;
				GCC_WARN_ABOUT_RETURN_TYPE = YES_ERROR;
				GCC_WARN_UNDECLARED_SELECTOR = YES;
				GCC_WARN_UNINITIALIZED_AUTOS = YES_AGGRESSIVE;
				GCC_WARN_UNUSED_FUNCTION = YES;
				GCC_WARN_UNUSED_VARIABLE = YES;
				IPHONEOS_DEPLOYMENT_TARGET = 16.4;
				MTL_ENABLE_DEBUG_INFO = NO;
				MTL_FAST_MATH = YES;
				SDKROOT = iphoneos;
				SWIFT_COMPILATION_MODE = wholemodule;
				SWIFT_OPTIMIZATION_LEVEL = "-O";
				VALIDATE_PRODUCT = YES;
			};
			name = Release;
		};
		144D70D42A98A559003EECD1 /* Debug */ = {
			isa = XCBuildConfiguration;
			buildSettings = {
				ASSETCATALOG_COMPILER_APPICON_NAME = AppIcon;
				ASSETCATALOG_COMPILER_GLOBAL_ACCENT_COLOR_NAME = AccentColor;
				CODE_SIGN_STYLE = Automatic;
				CURRENT_PROJECT_VERSION = 1;
				DEVELOPMENT_ASSET_PATHS = "\"Battleship/Preview Content\"";
				ENABLE_PREVIEWS = YES;
				GENERATE_INFOPLIST_FILE = YES;
				INFOPLIST_KEY_UIApplicationSceneManifest_Generation = YES;
				INFOPLIST_KEY_UIApplicationSupportsIndirectInputEvents = YES;
				INFOPLIST_KEY_UILaunchScreen_Generation = YES;
				INFOPLIST_KEY_UISupportedInterfaceOrientations_iPad = "UIInterfaceOrientationPortrait UIInterfaceOrientationPortraitUpsideDown UIInterfaceOrientationLandscapeLeft UIInterfaceOrientationLandscapeRight";
				INFOPLIST_KEY_UISupportedInterfaceOrientations_iPhone = "UIInterfaceOrientationPortrait UIInterfaceOrientationLandscapeLeft UIInterfaceOrientationLandscapeRight";
				LD_RUNPATH_SEARCH_PATHS = (
					"$(inherited)",
					"@executable_path/Frameworks",
				);
				MARKETING_VERSION = 1.0;
				PRODUCT_BUNDLE_IDENTIFIER = vn.edu.rmit.s3927562.Battleship;
				PRODUCT_NAME = "$(TARGET_NAME)";
				SWIFT_EMIT_LOC_STRINGS = YES;
				SWIFT_VERSION = 5.0;
				TARGETED_DEVICE_FAMILY = "1,2";
			};
			name = Debug;
		};
		144D70D52A98A559003EECD1 /* Release */ = {
			isa = XCBuildConfiguration;
			buildSettings = {
				ASSETCATALOG_COMPILER_APPICON_NAME = AppIcon;
				ASSETCATALOG_COMPILER_GLOBAL_ACCENT_COLOR_NAME = AccentColor;
				CODE_SIGN_STYLE = Automatic;
				CURRENT_PROJECT_VERSION = 1;
				DEVELOPMENT_ASSET_PATHS = "\"Battleship/Preview Content\"";
				ENABLE_PREVIEWS = YES;
				GENERATE_INFOPLIST_FILE = YES;
				INFOPLIST_KEY_UIApplicationSceneManifest_Generation = YES;
				INFOPLIST_KEY_UIApplicationSupportsIndirectInputEvents = YES;
				INFOPLIST_KEY_UILaunchScreen_Generation = YES;
				INFOPLIST_KEY_UISupportedInterfaceOrientations_iPad = "UIInterfaceOrientationPortrait UIInterfaceOrientationPortraitUpsideDown UIInterfaceOrientationLandscapeLeft UIInterfaceOrientationLandscapeRight";
				INFOPLIST_KEY_UISupportedInterfaceOrientations_iPhone = "UIInterfaceOrientationPortrait UIInterfaceOrientationLandscapeLeft UIInterfaceOrientationLandscapeRight";
				LD_RUNPATH_SEARCH_PATHS = (
					"$(inherited)",
					"@executable_path/Frameworks",
				);
				MARKETING_VERSION = 1.0;
				PRODUCT_BUNDLE_IDENTIFIER = vn.edu.rmit.s3927562.Battleship;
				PRODUCT_NAME = "$(TARGET_NAME)";
				SWIFT_EMIT_LOC_STRINGS = YES;
				SWIFT_VERSION = 5.0;
				TARGETED_DEVICE_FAMILY = "1,2";
			};
			name = Release;
		};
/* End XCBuildConfiguration section */

/* Begin XCConfigurationList section */
		144D70C02A98A558003EECD1 /* Build configuration list for PBXProject "Battleship" */ = {
			isa = XCConfigurationList;
			buildConfigurations = (
				144D70D12A98A559003EECD1 /* Debug */,
				144D70D22A98A559003EECD1 /* Release */,
			);
			defaultConfigurationIsVisible = 0;
			defaultConfigurationName = Release;
		};
		144D70D32A98A559003EECD1 /* Build configuration list for PBXNativeTarget "Battleship" */ = {
			isa = XCConfigurationList;
			buildConfigurations = (
				144D70D42A98A559003EECD1 /* Debug */,
				144D70D52A98A559003EECD1 /* Release */,
			);
			defaultConfigurationIsVisible = 0;
			defaultConfigurationName = Release;
		};
/* End XCConfigurationList section */
	};
	rootObject = 144D70BD2A98A558003EECD1 /* Project object */;
}
